
Microsoft Visual Studio Solution File, Format Version 12.00
# Visual Studio Version 17
VisualStudioVersion = 17.13.35825.156 d17.13
MinimumVisualStudioVersion = 10.0.40219.1
Project("{FAE04EC0-301F-11D3-BF4B-00C04F79EFBC}") = "DynamicResolution", "DynamicResolution.csproj", "{DF0FE196-7FDA-4E9A-8705-FC9BCCBD41C6}"
EndProject
Global
	GlobalSection(SolutionConfigurationPlatforms) = preSolution
		Debug|Any CPU = Debug|Any CPU
		Release|Any CPU = Release|Any CPU
	EndGlobalSection
	GlobalSection(ProjectConfigurationPlatforms) = postSolution
		{DF0FE196-7FDA-4E9A-8705-FC9BCCBD41C6}.Debug|Any CPU.ActiveCfg = Debug|Any CPU
		{DF0FE196-7FDA-4E9A-8705-FC9BCCBD41C6}.Debug|Any CPU.Build.0 = Debug|Any CPU
		{DF0FE196-7FDA-4E9A-8705-FC9BCCBD41C6}.Release|Any CPU.ActiveCfg = Release|Any CPU
		{DF0FE196-7FDA-4E9A-8705-FC9BCCBD41C6}.Release|Any CPU.Build.0 = Release|Any CPU
	EndGlobalSection
	GlobalSection(SolutionProperties) = preSolution
		HideSolutionNode = FALSE
	EndGlobalSection
	GlobalSection(ExtensibilityGlobals) = postSolution
		SolutionGuid = {1BC9C04C-E604-4389-993E-2D6DA8D19F87}
	EndGlobalSection
EndGlobal
